
Microsoft Visual Studio Solution File, Format Version 12.00
# Visual Studio Version 16
VisualStudioVersion = 25.0.1704.0
MinimumVisualStudioVersion = 10.0.40219.1
Project("{FAE04EC0-301F-11D3-BF4B-00C04F79EFBC}") = "small-api", "small-api\small-api.csproj", "{A13277A3-203E-457E-A413-487282FEF2C0}"
EndProject
Global
	GlobalSection(SolutionConfigurationPlatforms) = preSolution
		Debug|Any CPU = Debug|Any CPU
		Release|Any CPU = Release|Any CPU
	EndGlobalSection
	GlobalSection(ProjectConfigurationPlatforms) = postSolution
		{A13277A3-203E-457E-A413-487282FEF2C0}.Debug|Any CPU.ActiveCfg = Debug|Any CPU
		{A13277A3-203E-457E-A413-487282FEF2C0}.Debug|Any CPU.Build.0 = Debug|Any CPU
		{A13277A3-203E-457E-A413-487282FEF2C0}.Release|Any CPU.ActiveCfg = Release|Any CPU
		{A13277A3-203E-457E-A413-487282FEF2C0}.Release|Any CPU.Build.0 = Release|Any CPU
	EndGlobalSection
	GlobalSection(SolutionProperties) = preSolution
		HideSolutionNode = FALSE
	EndGlobalSection
	GlobalSection(ExtensibilityGlobals) = postSolution
		SolutionGuid = {B7F87B80-ECC9-480D-8DE4-688182C39840}
	EndGlobalSection
EndGlobal
